// !$*UTF8*$!
{
	archiveVersion = 1;
	classes = {
	};
	objectVersion = 46;
	objects = {

/* Begin PBXBuildFile section */
		650B0392164162B60015595F /* libFlurry.a in Frameworks */ = {isa = PBXBuildFile; fileRef = 650B0391164162B60015595F /* libFlurry.a */; };
		650B0397164164220015595F /* SystemConfiguration.framework in Frameworks */ = {isa = PBXBuildFile; fileRef = 650B0396164164220015595F /* SystemConfiguration.framework */; };
		9B108D6D16400C2500F7AF0D /* numbers_logo_png24.png in Resources */ = {isa = PBXBuildFile; fileRef = 9B108D6C16400C2500F7AF0D /* numbers_logo_png24.png */; };
		9B99425F163EC009001CAECC /* UIKit.framework in Frameworks */ = {isa = PBXBuildFile; fileRef = 9B99425E163EC009001CAECC /* UIKit.framework */; };
		9B994261163EC009001CAECC /* Foundation.framework in Frameworks */ = {isa = PBXBuildFile; fileRef = 9B994260163EC009001CAECC /* Foundation.framework */; };
		9B994263163EC009001CAECC /* CoreGraphics.framework in Frameworks */ = {isa = PBXBuildFile; fileRef = 9B994262163EC009001CAECC /* CoreGraphics.framework */; };
		9B994269163EC009001CAECC /* InfoPlist.strings in Resources */ = {isa = PBXBuildFile; fileRef = 9B994267163EC009001CAECC /* InfoPlist.strings */; };
		9B99426B163EC009001CAECC /* main.m in Sources */ = {isa = PBXBuildFile; fileRef = 9B99426A163EC009001CAECC /* main.m */; };
		9B99426F163EC009001CAECC /* AppDelegate.m in Sources */ = {isa = PBXBuildFile; fileRef = 9B99426E163EC009001CAECC /* AppDelegate.m */; };
		9B994271163EC009001CAECC /* Default.png in Resources */ = {isa = PBXBuildFile; fileRef = 9B994270163EC009001CAECC /* Default.png */; };
		9B994273163EC009001CAECC /* Default@2x.png in Resources */ = {isa = PBXBuildFile; fileRef = 9B994272163EC009001CAECC /* Default@2x.png */; };
		9B994275163EC009001CAECC /* Default-568h@2x.png in Resources */ = {isa = PBXBuildFile; fileRef = 9B994274163EC009001CAECC /* Default-568h@2x.png */; };
		9B994278163EC009001CAECC /* ViewController.m in Sources */ = {isa = PBXBuildFile; fileRef = 9B994277163EC009001CAECC /* ViewController.m */; };
		9B99427B163EC009001CAECC /* ViewController.xib in Resources */ = {isa = PBXBuildFile; fileRef = 9B994279163EC009001CAECC /* ViewController.xib */; };
		9B99428A163EC484001CAECC /* GameViewController.m in Sources */ = {isa = PBXBuildFile; fileRef = 9B994289163EC484001CAECC /* GameViewController.m */; };
		9B994292163EC4FF001CAECC /* GameView.xib in Resources */ = {isa = PBXBuildFile; fileRef = 9B994290163EC4FF001CAECC /* GameView.xib */; };
/* End PBXBuildFile section */

/* Begin PBXFileReference section */
		650B0390164162B60015595F /* Flurry.h */ = {isa = PBXFileReference; fileEncoding = 4; lastKnownFileType = sourcecode.c.h; path = Flurry.h; sourceTree = "<group>"; };
		650B0391164162B60015595F /* libFlurry.a */ = {isa = PBXFileReference; lastKnownFileType = archive.ar; path = libFlurry.a; sourceTree = "<group>"; };
		650B0394164164160015595F /* CFNetwork.framework */ = {isa = PBXFileReference; lastKnownFileType = wrapper.framework; name = CFNetwork.framework; path = System/Library/Frameworks/CFNetwork.framework; sourceTree = SDKROOT; };
		650B0396164164220015595F /* SystemConfiguration.framework */ = {isa = PBXFileReference; lastKnownFileType = wrapper.framework; name = SystemConfiguration.framework; path = System/Library/Frameworks/SystemConfiguration.framework; sourceTree = SDKROOT; };
		9B108D6C16400C2500F7AF0D /* numbers_logo_png24.png */ = {isa = PBXFileReference; lastKnownFileType = image.png; name = numbers_logo_png24.png; path = ../../images/numbers_logo_png24.png; sourceTree = "<group>"; };
		9B99425A163EC009001CAECC /* Numbers.app */ = {isa = PBXFileReference; explicitFileType = wrapper.application; includeInIndex = 0; path = Numbers.app; sourceTree = BUILT_PRODUCTS_DIR; };
		9B99425E163EC009001CAECC /* UIKit.framework */ = {isa = PBXFileReference; lastKnownFileType = wrapper.framework; name = UIKit.framework; path = System/Library/Frameworks/UIKit.framework; sourceTree = SDKROOT; };
		9B994260163EC009001CAECC /* Foundation.framework */ = {isa = PBXFileReference; lastKnownFileType = wrapper.framework; name = Foundation.framework; path = System/Library/Frameworks/Foundation.framework; sourceTree = SDKROOT; };
		9B994262163EC009001CAECC /* CoreGraphics.framework */ = {isa = PBXFileReference; lastKnownFileType = wrapper.framework; name = CoreGraphics.framework; path = System/Library/Frameworks/CoreGraphics.framework; sourceTree = SDKROOT; };
		9B994266163EC009001CAECC /* Numbers-Info.plist */ = {isa = PBXFileReference; lastKnownFileType = text.plist.xml; path = "Numbers-Info.plist"; sourceTree = "<group>"; };
		9B994268163EC009001CAECC /* en */ = {isa = PBXFileReference; lastKnownFileType = text.plist.strings; name = en; path = en.lproj/InfoPlist.strings; sourceTree = "<group>"; };
		9B99426A163EC009001CAECC /* main.m */ = {isa = PBXFileReference; lastKnownFileType = sourcecode.c.objc; path = main.m; sourceTree = "<group>"; };
		9B99426C163EC009001CAECC /* Numbers-Prefix.pch */ = {isa = PBXFileReference; lastKnownFileType = sourcecode.c.h; path = "Numbers-Prefix.pch"; sourceTree = "<group>"; };
		9B99426D163EC009001CAECC /* AppDelegate.h */ = {isa = PBXFileReference; lastKnownFileType = sourcecode.c.h; path = AppDelegate.h; sourceTree = "<group>"; };
		9B99426E163EC009001CAECC /* AppDelegate.m */ = {isa = PBXFileReference; lastKnownFileType = sourcecode.c.objc; path = AppDelegate.m; sourceTree = "<group>"; };
		9B994270163EC009001CAECC /* Default.png */ = {isa = PBXFileReference; lastKnownFileType = image.png; path = Default.png; sourceTree = "<group>"; };
		9B994272163EC009001CAECC /* Default@2x.png */ = {isa = PBXFileReference; lastKnownFileType = image.png; path = "Default@2x.png"; sourceTree = "<group>"; };
		9B994274163EC009001CAECC /* Default-568h@2x.png */ = {isa = PBXFileReference; lastKnownFileType = image.png; path = "Default-568h@2x.png"; sourceTree = "<group>"; };
		9B994276163EC009001CAECC /* ViewController.h */ = {isa = PBXFileReference; lastKnownFileType = sourcecode.c.h; path = ViewController.h; sourceTree = "<group>"; };
		9B994277163EC009001CAECC /* ViewController.m */ = {isa = PBXFileReference; lastKnownFileType = sourcecode.c.objc; path = ViewController.m; sourceTree = "<group>"; };
		9B99427A163EC009001CAECC /* en */ = {isa = PBXFileReference; lastKnownFileType = file.xib; name = en; path = en.lproj/ViewController.xib; sourceTree = "<group>"; };
		9B994288163EC484001CAECC /* GameViewController.h */ = {isa = PBXFileReference; fileEncoding = 4; lastKnownFileType = sourcecode.c.h; path = GameViewController.h; sourceTree = "<group>"; };
		9B994289163EC484001CAECC /* GameViewController.m */ = {isa = PBXFileReference; fileEncoding = 4; lastKnownFileType = sourcecode.c.objc; path = GameViewController.m; sourceTree = "<group>"; };
		9B994291163EC4FF001CAECC /* en */ = {isa = PBXFileReference; lastKnownFileType = file.xib; name = en; path = en.lproj/GameView.xib; sourceTree = "<group>"; };
/* End PBXFileReference section */

/* Begin PBXFrameworksBuildPhase section */
		9B994257163EC009001CAECC /* Frameworks */ = {
			isa = PBXFrameworksBuildPhase;
			buildActionMask = 2147483647;
			files = (
				650B0397164164220015595F /* SystemConfiguration.framework in Frameworks */,
				9B99425F163EC009001CAECC /* UIKit.framework in Frameworks */,
				9B994261163EC009001CAECC /* Foundation.framework in Frameworks */,
				9B994263163EC009001CAECC /* CoreGraphics.framework in Frameworks */,
				650B0392164162B60015595F /* libFlurry.a in Frameworks */,
			);
			runOnlyForDeploymentPostprocessing = 0;
		};
/* End PBXFrameworksBuildPhase section */

/* Begin PBXGroup section */
		650B038F164162B50015595F /* Flurry */ = {
			isa = PBXGroup;
			children = (
				650B0390164162B60015595F /* Flurry.h */,
				650B0391164162B60015595F /* libFlurry.a */,
			);
			path = Flurry;
			sourceTree = "<group>";
		};
		9B99424F163EC009001CAECC = {
			isa = PBXGroup;
			children = (
				650B0396164164220015595F /* SystemConfiguration.framework */,
				650B0394164164160015595F /* CFNetwork.framework */,
				650B038F164162B50015595F /* Flurry */,
				9B994264163EC009001CAECC /* Numbers */,
				9B99425D163EC009001CAECC /* Frameworks */,
				9B99425B163EC009001CAECC /* Products */,
			);
			sourceTree = "<group>";
		};
		9B99425B163EC009001CAECC /* Products */ = {
			isa = PBXGroup;
			children = (
				9B99425A163EC009001CAECC /* Numbers.app */,
			);
			name = Products;
			sourceTree = "<group>";
		};
		9B99425D163EC009001CAECC /* Frameworks */ = {
			isa = PBXGroup;
			children = (
				9B99425E163EC009001CAECC /* UIKit.framework */,
				9B994260163EC009001CAECC /* Foundation.framework */,
				9B994262163EC009001CAECC /* CoreGraphics.framework */,
			);
			name = Frameworks;
			sourceTree = "<group>";
		};
		9B994264163EC009001CAECC /* Numbers */ = {
			isa = PBXGroup;
			children = (
				9B99426D163EC009001CAECC /* AppDelegate.h */,
				9B99426E163EC009001CAECC /* AppDelegate.m */,
				9B994290163EC4FF001CAECC /* GameView.xib */,
				9B994288163EC484001CAECC /* GameViewController.h */,
				9B994289163EC484001CAECC /* GameViewController.m */,
				9B994265163EC009001CAECC /* Supporting Files */,
				9B994276163EC009001CAECC /* ViewController.h */,
				9B994277163EC009001CAECC /* ViewController.m */,
				9B994279163EC009001CAECC /* ViewController.xib */,
			);
			path = Numbers;
			sourceTree = "<group>";
		};
		9B994265163EC009001CAECC /* Supporting Files */ = {
			isa = PBXGroup;
			children = (
				9B108D6C16400C2500F7AF0D /* numbers_logo_png24.png */,
				9B994266163EC009001CAECC /* Numbers-Info.plist */,
				9B994267163EC009001CAECC /* InfoPlist.strings */,
				9B99426A163EC009001CAECC /* main.m */,
				9B99426C163EC009001CAECC /* Numbers-Prefix.pch */,
				9B994270163EC009001CAECC /* Default.png */,
				9B994272163EC009001CAECC /* Default@2x.png */,
				9B994274163EC009001CAECC /* Default-568h@2x.png */,
			);
			name = "Supporting Files";
			sourceTree = "<group>";
		};
/* End PBXGroup section */

/* Begin PBXNativeTarget section */
		9B994259163EC009001CAECC /* Numbers */ = {
			isa = PBXNativeTarget;
			buildConfigurationList = 9B99427E163EC009001CAECC /* Build configuration list for PBXNativeTarget "Numbers" */;
			buildPhases = (
				9B994256163EC009001CAECC /* Sources */,
				9B994257163EC009001CAECC /* Frameworks */,
				9B994258163EC009001CAECC /* Resources */,
			);
			buildRules = (
			);
			dependencies = (
			);
			name = Numbers;
			productName = Numbers;
			productReference = 9B99425A163EC009001CAECC /* Numbers.app */;
			productType = "com.apple.product-type.application";
		};
/* End PBXNativeTarget section */

/* Begin PBXProject section */
		9B994251163EC009001CAECC /* Project object */ = {
			isa = PBXProject;
			attributes = {
				LastUpgradeCheck = 0450;
				ORGANIZATIONNAME = "wiz-r";
			};
			buildConfigurationList = 9B994254163EC009001CAECC /* Build configuration list for PBXProject "Numbers" */;
			compatibilityVersion = "Xcode 3.2";
			developmentRegion = English;
			hasScannedForEncodings = 0;
			knownRegions = (
				en,
			);
			mainGroup = 9B99424F163EC009001CAECC;
			productRefGroup = 9B99425B163EC009001CAECC /* Products */;
			projectDirPath = "";
			projectRoot = "";
			targets = (
				9B994259163EC009001CAECC /* Numbers */,
			);
		};
/* End PBXProject section */

/* Begin PBXResourcesBuildPhase section */
		9B994258163EC009001CAECC /* Resources */ = {
			isa = PBXResourcesBuildPhase;
			buildActionMask = 2147483647;
			files = (
				9B994269163EC009001CAECC /* InfoPlist.strings in Resources */,
				9B994271163EC009001CAECC /* Default.png in Resources */,
				9B994273163EC009001CAECC /* Default@2x.png in Resources */,
				9B994275163EC009001CAECC /* Default-568h@2x.png in Resources */,
				9B99427B163EC009001CAECC /* ViewController.xib in Resources */,
				9B994292163EC4FF001CAECC /* GameView.xib in Resources */,
				9B108D6D16400C2500F7AF0D /* numbers_logo_png24.png in Resources */,
			);
			runOnlyForDeploymentPostprocessing = 0;
		};
/* End PBXResourcesBuildPhase section */

/* Begin PBXSourcesBuildPhase section */
		9B994256163EC009001CAECC /* Sources */ = {
			isa = PBXSourcesBuildPhase;
			buildActionMask = 2147483647;
			files = (
				9B99426B163EC009001CAECC /* main.m in Sources */,
				9B99426F163EC009001CAECC /* AppDelegate.m in Sources */,
				9B994278163EC009001CAECC /* ViewController.m in Sources */,
				9B99428A163EC484001CAECC /* GameViewController.m in Sources */,
			);
			runOnlyForDeploymentPostprocessing = 0;
		};
/* End PBXSourcesBuildPhase section */

/* Begin PBXVariantGroup section */
		9B994267163EC009001CAECC /* InfoPlist.strings */ = {
			isa = PBXVariantGroup;
			children = (
				9B994268163EC009001CAECC /* en */,
			);
			name = InfoPlist.strings;
			sourceTree = "<group>";
		};
		9B994279163EC009001CAECC /* ViewController.xib */ = {
			isa = PBXVariantGroup;
			children = (
				9B99427A163EC009001CAECC /* en */,
			);
			name = ViewController.xib;
			sourceTree = "<group>";
		};
		9B994290163EC4FF001CAECC /* GameView.xib */ = {
			isa = PBXVariantGroup;
			children = (
				9B994291163EC4FF001CAECC /* en */,
			);
			name = GameView.xib;
			sourceTree = "<group>";
		};
/* End PBXVariantGroup section */

/* Begin XCBuildConfiguration section */
		9B99427C163EC009001CAECC /* Debug */ = {
			isa = XCBuildConfiguration;
			buildSettings = {
				ALWAYS_SEARCH_USER_PATHS = NO;
				CLANG_CXX_LANGUAGE_STANDARD = "gnu++0x";
				CLANG_CXX_LIBRARY = "libc++";
				CLANG_WARN_EMPTY_BODY = YES;
				CLANG_WARN__DUPLICATE_METHOD_MATCH = YES;
				"CODE_SIGN_IDENTITY[sdk=iphoneos*]" = "iPhone Developer";
				COPY_PHASE_STRIP = NO;
				GCC_C_LANGUAGE_STANDARD = gnu99;
				GCC_DYNAMIC_NO_PIC = NO;
				GCC_OPTIMIZATION_LEVEL = 0;
				GCC_PREPROCESSOR_DEFINITIONS = (
					"DEBUG=1",
					"$(inherited)",
				);
				GCC_SYMBOLS_PRIVATE_EXTERN = NO;
				GCC_WARN_ABOUT_RETURN_TYPE = YES;
				GCC_WARN_UNINITIALIZED_AUTOS = YES;
				GCC_WARN_UNUSED_VARIABLE = YES;
				IPHONEOS_DEPLOYMENT_TARGET = 6.0;
				ONLY_ACTIVE_ARCH = YES;
				SDKROOT = iphoneos;
			};
			name = Debug;
		};
		9B99427D163EC009001CAECC /* Release */ = {
			isa = XCBuildConfiguration;
			buildSettings = {
				ALWAYS_SEARCH_USER_PATHS = NO;
				CLANG_CXX_LANGUAGE_STANDARD = "gnu++0x";
				CLANG_CXX_LIBRARY = "libc++";
				CLANG_WARN_EMPTY_BODY = YES;
				CLANG_WARN__DUPLICATE_METHOD_MATCH = YES;
				"CODE_SIGN_IDENTITY[sdk=iphoneos*]" = "iPhone Developer";
				COPY_PHASE_STRIP = YES;
				GCC_C_LANGUAGE_STANDARD = gnu99;
				GCC_WARN_ABOUT_RETURN_TYPE = YES;
				GCC_WARN_UNINITIALIZED_AUTOS = YES;
				GCC_WARN_UNUSED_VARIABLE = YES;
				IPHONEOS_DEPLOYMENT_TARGET = 6.0;
				OTHER_CFLAGS = "-DNS_BLOCK_ASSERTIONS=1";
				SDKROOT = iphoneos;
				VALIDATE_PRODUCT = YES;
			};
			name = Release;
		};
		9B99427F163EC009001CAECC /* Debug */ = {
			isa = XCBuildConfiguration;
			buildSettings = {
				GCC_PRECOMPILE_PREFIX_HEADER = YES;
				GCC_PREFIX_HEADER = "Numbers/Numbers-Prefix.pch";
				INFOPLIST_FILE = "Numbers/Numbers-Info.plist";
				LIBRARY_SEARCH_PATHS = (
					"$(inherited)",
					"\"$(SRCROOT)/Flurry\"",
				);
				PRODUCT_NAME = "$(TARGET_NAME)";
				WRAPPER_EXTENSION = app;
			};
			name = Debug;
		};
		9B994280163EC009001CAECC /* Release */ = {
			isa = XCBuildConfiguration;
			buildSettings = {
				GCC_PRECOMPILE_PREFIX_HEADER = YES;
				GCC_PREFIX_HEADER = "Numbers/Numbers-Prefix.pch";
				INFOPLIST_FILE = "Numbers/Numbers-Info.plist";
				LIBRARY_SEARCH_PATHS = (
					"$(inherited)",
					"\"$(SRCROOT)/Flurry\"",
				);
				PRODUCT_NAME = "$(TARGET_NAME)";
				WRAPPER_EXTENSION = app;
			};
			name = Release;
		};
/* End XCBuildConfiguration section */

/* Begin XCConfigurationList section */
		9B994254163EC009001CAECC /* Build configuration list for PBXProject "Numbers" */ = {
			isa = XCConfigurationList;
			buildConfigurations = (
				9B99427C163EC009001CAECC /* Debug */,
				9B99427D163EC009001CAECC /* Release */,
			);
			defaultConfigurationIsVisible = 0;
			defaultConfigurationName = Release;
		};
		9B99427E163EC009001CAECC /* Build configuration list for PBXNativeTarget "Numbers" */ = {
			isa = XCConfigurationList;
			buildConfigurations = (
				9B99427F163EC009001CAECC /* Debug */,
				9B994280163EC009001CAECC /* Release */,
			);
			defaultConfigurationIsVisible = 0;
			defaultConfigurationName = Release;
		};
/* End XCConfigurationList section */
	};
	rootObject = 9B994251163EC009001CAECC /* Project object */;
}
